{
  "name": "webdav",
  "version": "1.0.0",
  "lockfileVersion": 3,
  "requires": true,
  "packages": {
    "": {
      "name": "webdav",
      "version": "1.0.0",
      "license": "ISC",
      "dependencies": {
        "h3": "^2.0.1-rc.6"
      }
    },
    "node_modules/h3": {
      "version": "2.0.1-rc.6",
      "resolved": "https://registry.npmjs.org/h3/-/h3-2.0.1-rc.6.tgz",
      "integrity": "sha512-kKLFVFNJlDVTbQjakz1ZTFSHB9+oi9+Khf0v7xQsUKU3iOqu2qmrFzTD56YsDvvj2nBgqVDphGRXB2VRursw4w==",
      "license": "MIT",
      "dependencies": {
        "rou3": "^0.7.10",
        "srvx": "^0.9.7"
      },
      "engines": {
        "node": ">=20.11.1"
      },
      "peerDependencies": {
        "crossws": "^0.4.1"
      },
      "peerDependenciesMeta": {
        "crossws": {
          "optional": true
        }
      }
    },
    "node_modules/rou3": {
      "version": "0.7.11",
      "resolved": "https://registry.npmjs.org/rou3/-/rou3-0.7.11.tgz",
      "integrity": "sha512-ELguG3ENDw5NKNmWHO3OGEjcgdxkCNvnMR22gKHEgRXuwiriap5RIYdummOaOiqUNcC5yU5txGCHWNm7KlHuAA==",
      "license": "MIT"
    },
    "node_modules/srvx": {
      "version": "0.9.8",
      "resolved": "https://registry.npmjs.org/srvx/-/srvx-0.9.8.tgz",
      "integrity": "sha512-RZaxTKJEE/14HYn8COLuUOJAt0U55N9l1Xf6jj+T0GoA01EUH1Xz5JtSUOI+EHn+AEgPCVn7gk6jHJffrr06fQ==",
      "license": "MIT",
      "bin": {
        "srvx": "bin/srvx.mjs"
      },
      "engines": {
        "node": ">=20.16.0"
      }
    }
  }
}
